Microsoft Visual Studio Solution File, Format Version 12.00
# Visual Studio Version 17
VisualStudioVersion = 17.5.2.0
MinimumVisualStudioVersion = 10.0.40219.1
Project("{FAE04EC0-301F-11D3-BF4B-00C04F79EFBC}") = "InsertData", "InsertData\InsertData.csproj", "{40015297-26F4-832E-860C-4654501ACCCD}"
EndProject
Global
	GlobalSection(SolutionConfigurationPlatforms) = preSolution
		Debug|Any CPU = Debug|Any CPU
		Release|Any CPU = Release|Any CPU
	EndGlobalSection
	GlobalSection(ProjectConfigurationPlatforms) = postSolution
		{40015297-26F4-832E-860C-4654501ACCCD}.Debug|Any CPU.ActiveCfg = Debug|Any CPU
		{40015297-26F4-832E-860C-4654501ACCCD}.Debug|Any CPU.Build.0 = Debug|Any CPU
		{40015297-26F4-832E-860C-4654501ACCCD}.Release|Any CPU.ActiveCfg = Release|Any CPU
		{40015297-26F4-832E-860C-4654501ACCCD}.Release|Any CPU.Build.0 = Release|Any CPU
	EndGlobalSection
	GlobalSection(SolutionProperties) = preSolution
		HideSolutionNode = FALSE
	EndGlobalSection
	GlobalSection(ExtensibilityGlobals) = postSolution
		SolutionGuid = {10F925AF-6783-4006-B9A7-6ED4545273B7}
	EndGlobalSection
EndGlobal
